<?xml version="1.0" encoding="utf-8"?>
<Project ToolsVersion="4.0" xmlns="http://schemas.microsoft.com/developer/msbuild/2003">
  <ItemGroup>
    <Filter Include="Source Files">
      <UniqueIdentifier>{a241c12b-b5a4-4813-bc3d-30d54671db3b}</UniqueIdentifier>
      <Extensions>cpp;c;cxx;rc;def;r;odl;idl;hpj;bat</Extensions>
    </Filter>
    <Filter Include="Header Files">
      <UniqueIdentifier>{5178d488-a805-4655-84a8-f1464696acf3}</UniqueIdentifier>
      <Extensions>h;hpp;hxx;hm;inl</Extensions>
    </Filter>
    <Filter Include="Resource Files">
      <UniqueIdentifier>{67cbed12-e680-4f0c-a919-0a2f16c071ef}</UniqueIdentifier>
      <Extensions>ico;cur;bmp;dlg;rc2;rct;bin;rgs;gif;jpg;jpeg;jpe</Extensions>
    </Filter>
    <Filter Include="Source Files\Demodulator">
      <UniqueIdentifier>{54879a8e-6416-416c-bcf2-f6bed22a2ec6}</UniqueIdentifier>
    </Filter>
    <Filter Include="Source Files\Modulator">
      <UniqueIdentifier>{b8c8be4a-9077-43b7-87a5-5474154efc3c}</UniqueIdentifier>
    </Filter>
    <Filter Include="Header Files\Demodulator">
      <UniqueIdentifier>{a40b5007-fe0d-460e-8662-d6bc134aa59b}</UniqueIdentifier>
    </Filter>
    <Filter Include="Source Files\Filter">
      <UniqueIdentifier>{847d9aa2-1123-4210-8df2-7c6c58020af4}</UniqueIdentifier>
    </Filter>
    <Filter Include="Source Files\windows">
      <UniqueIdentifier>{0406f350-5ea3-490e-a1e8-c9a390edb5f0}</UniqueIdentifier>
    </Filter>
    <Filter Include="Source Files\devices">
      <UniqueIdentifier>{e99e4a67-6f15-4b7e-b866-e5e232fcbc0d}</UniqueIdentifier>
    </Filter>
    <Filter Include="Source Files\FFT">
      <UniqueIdentifier>{359ddec8-ce83-4e7c-a8a9-9909c2315721}</UniqueIdentifier>
    </Filter>
  </ItemGroup>
  <ItemGroup>
    <ClCompile Include="Debug.cpp">
      <Filter>Source Files</Filter>
    </ClCompile>
    <ClCompile Include="Main.cpp">
      <Filter>Source Files</Filter>
    </ClCompile>
    <ClCompile Include="StdAfx.cpp">
      <Filter>Source Files</Filter>
    </ClCompile>
    <ClCompile Include="CData.cpp">
      <Filter>Source Files</Filter>
    </ClCompile>
    <ClCompile Include="CAnalyze.cpp">
      <Filter>Source Files</Filter>
    </ClCompile>
    <ClCompile Include="public.cpp">
      <Filter>Source Files</Filter>
    </ClCompile>
    <ClCompile Include="CFile.cpp">
      <Filter>Source Files</Filter>
    </ClCompile>
    <ClCompile Include="CMessage.cpp">
      <Filter>Source Files</Filter>
    </ClCompile>
    <ClCompile Include="CScreenButton.cpp">
      <Filter>Source Files</Filter>
    </ClCompile>
    <ClCompile Include="CDemodulatorAM.cpp">
      <Filter>Source Files\Demodulator</Filter>
    </ClCompile>
    <ClCompile Include="CFilter.cpp">
      <Filter>Source Files\Filter</Filter>
    </ClCompile>
    <ClCompile Include="CWinMain.cpp">
      <Filter>Source Files\windows</Filter>
    </ClCompile>
    <ClCompile Include="CWinTools.cpp">
      <Filter>Source Files\windows</Filter>
    </ClCompile>
    <ClCompile Include="CWinSignal.cpp">
      <Filter>Source Files\windows</Filter>
    </ClCompile>
    <ClCompile Include="CWinOneFFT.cpp">
      <Filter>Source Files\windows</Filter>
    </ClCompile>
    <ClCompile Include="CWinOneSpectrum.cpp">
      <Filter>Source Files\windows</Filter>
    </ClCompile>
    <ClCompile Include="CWinSDR.cpp">
      <Filter>Source Files\windows</Filter>
    </ClCompile>
    <ClCompile Include="CWinSDRScan.cpp">
      <Filter>Source Files\windows</Filter>
    </ClCompile>
    <ClCompile Include="CWinSpectrum.cpp">
      <Filter>Source Files\windows</Filter>
    </ClCompile>
    <ClCompile Include="CWinFilter.cpp">
      <Filter>Source Files\windows</Filter>
    </ClCompile>
    <ClCompile Include="CWinAudio.cpp">
      <Filter>Source Files\windows</Filter>
    </ClCompile>
    <ClCompile Include="CAudio.cpp">
      <Filter>Source Files\devices</Filter>
    </ClCompile>
    <ClCompile Include="CDataFromSDR.cpp">
      <Filter>Source Files\devices</Filter>
    </ClCompile>
    <ClCompile Include="CDataFromSoundCard.cpp">
      <Filter>Source Files\devices</Filter>
    </ClCompile>
    <ClCompile Include="CDataFromTcpIp.cpp">
      <Filter>Source Files\devices</Filter>
    </ClCompile>
    <ClCompile Include="CDataFromUsart.cpp">
      <Filter>Source Files\devices</Filter>
    </ClCompile>
    <ClCompile Include="CDataFromUSB.cpp">
      <Filter>Source Files\devices</Filter>
    </ClCompile>
    <ClCompile Include="CWinFiltted.cpp">
      <Filter>Source Files\windows</Filter>
    </ClCompile>
    <ClCompile Include="CSDR.cpp">
      <Filter>Source Files\devices</Filter>
    </ClCompile>
    <ClCompile Include="CSoundCard.cpp">
      <Filter>Source Files\devices</Filter>
    </ClCompile>
    <ClCompile Include="CDevices.cpp">
      <Filter>Source Files\devices</Filter>
    </ClCompile>
    <ClCompile Include="CWinFFT.cpp">
      <Filter>Source Files\windows</Filter>
    </ClCompile>
    <ClCompile Include="CFFT.cpp">
      <Filter>Source Files\FFT</Filter>
    </ClCompile>
    <ClCompile Include="CFFTforFilterAnalyze.cpp">
      <Filter>Source Files\FFT</Filter>
    </ClCompile>
    <ClCompile Include="CDemodulatorFM.cpp">
      <Filter>Source Files\Demodulator</Filter>
    </ClCompile>
  </ItemGroup>
  <ItemGroup>
    <ClInclude Include="Debug.h">
      <Filter>Header Files</Filter>
    </ClInclude>
    <ClInclude Include="Main.h">
      <Filter>Header Files</Filter>
    </ClInclude>
    <ClInclude Include="resource.h">
      <Filter>Header Files</Filter>
    </ClInclude>
    <ClInclude Include="StdAfx.h">
      <Filter>Header Files</Filter>
    </ClInclude>
    <ClInclude Include="CDataFromTcpIp.h">
      <Filter>Header Files</Filter>
    </ClInclude>
    <ClInclude Include="CData.h">
      <Filter>Header Files</Filter>
    </ClInclude>
    <ClInclude Include="public.h">
      <Filter>Header Files</Filter>
    </ClInclude>
    <ClInclude Include="CAnalyze.h">
      <Filter>Header Files</Filter>
    </ClInclude>
    <ClInclude Include="CFilter.h">
      <Filter>Header Files</Filter>
    </ClInclude>
    <ClInclude Include="CWinSpectrum.h">
      <Filter>Header Files</Filter>
    </ClInclude>
    <ClInclude Include="CDataFromUSB.h">
      <Filter>Header Files</Filter>
    </ClInclude>
    <ClInclude Include="CWinMain.h">
      <Filter>Header Files</Filter>
    </ClInclude>
    <ClInclude Include="CDataFromUsart.h">
      <Filter>Header Files</Filter>
    </ClInclude>
    <ClInclude Include="CWinOneSpectrum.h">
      <Filter>Header Files</Filter>
    </ClInclude>
    <ClInclude Include="CWinFilter.h">
      <Filter>Header Files</Filter>
    </ClInclude>
    <ClInclude Include="CFile.h">
      <Filter>Header Files</Filter>
    </ClInclude>
    <ClInclude Include="CDevices.h">
      <Filter>Header Files</Filter>
    </ClInclude>
    <ClInclude Include="CSoundCard.h">
      <Filter>Header Files</Filter>
    </ClInclude>
    <ClInclude Include="CDataFromSoundCard.h">
      <Filter>Header Files</Filter>
    </ClInclude>
    <ClInclude Include="CDataFromSDR.h">
      <Filter>Header Files</Filter>
    </ClInclude>
    <ClInclude Include="CWinSDR.h">
      <Filter>Header Files</Filter>
    </ClInclude>
    <ClInclude Include="CSDR.h">
      <Filter>Header Files</Filter>
    </ClInclude>
    <ClInclude Include="CWinOneFFT.h">
      <Filter>Header Files</Filter>
    </ClInclude>
    <ClInclude Include="CMessage.h">
      <Filter>Header Files</Filter>
    </ClInclude>
    <ClInclude Include="CScreenButton.h">
      <Filter>Header Files</Filter>
    </ClInclude>
    <ClInclude Include="cuda_CFilter.cuh">
      <Filter>Header Files</Filter>
    </ClInclude>
    <ClInclude Include="CWinSDRScan.h">
      <Filter>Header Files</Filter>
    </ClInclude>
    <ClInclude Include="CDemodulatorAM.h">
      <Filter>Header Files\Demodulator</Filter>
    </ClInclude>
    <ClInclude Include="cuda_CFilter2.cuh">
      <Filter>Header Files</Filter>
    </ClInclude>
    <ClInclude Include="CAudio.h">
      <Filter>Header Files</Filter>
    </ClInclude>
    <ClInclude Include="CWinAudio.h">
      <Filter>Header Files</Filter>
    </ClInclude>
    <ClInclude Include="CWinSignal.h">
      <Filter>Header Files</Filter>
    </ClInclude>
    <ClInclude Include="CWinFFT.h">
      <Filter>Header Files</Filter>
    </ClInclude>
    <ClInclude Include="CFFT.h">
      <Filter>Header Files</Filter>
    </ClInclude>
    <ClInclude Include="cuda_CFFT.cuh">
      <Filter>Header Files</Filter>
    </ClInclude>
    <ClInclude Include="CWinFiltted.h">
      <Filter>Header Files</Filter>
    </ClInclude>
    <ClInclude Include="CFFTforFilterAnalyze.h">
      <Filter>Header Files</Filter>
    </ClInclude>
    <ClInclude Include="CWinTools.h">
      <Filter>Header Files</Filter>
    </ClInclude>
    <ClInclude Include="cuda_CFilter3.cuh">
      <Filter>Header Files</Filter>
    </ClInclude>
    <ClInclude Include="cuda_CFilter_AM.cuh">
      <Filter>Header Files</Filter>
    </ClInclude>
    <ClInclude Include="CDemodulatorFM.h">
      <Filter>Header Files</Filter>
    </ClInclude>
  </ItemGroup>
  <ItemGroup>
    <Image Include="myWave.ico">
      <Filter>Resource Files</Filter>
    </Image>
    <Image Include="small.ico">
      <Filter>Resource Files</Filter>
    </Image>
  </ItemGroup>
  <ItemGroup>
    <Text Include="ReadMe.txt" />
  </ItemGroup>
  <ItemGroup>
    <ResourceCompile Include="myWave.rc">
      <Filter>Resource Files</Filter>
    </ResourceCompile>
  </ItemGroup>
  <ItemGroup>
    <CudaCompile Include="cuda_CFFT.cu">
      <Filter>Source Files\Filter</Filter>
    </CudaCompile>
    <CudaCompile Include="cuda_CFilter.cu">
      <Filter>Source Files\Filter</Filter>
    </CudaCompile>
    <CudaCompile Include="cuda_CFilter_AM.cu">
      <Filter>Source Files\Filter</Filter>
    </CudaCompile>
    <CudaCompile Include="cuda_CFilter2.cu">
      <Filter>Source Files\Filter</Filter>
    </CudaCompile>
    <CudaCompile Include="cuda_CFilter3.cu">
      <Filter>Source Files\Filter</Filter>
    </CudaCompile>
  </ItemGroup>
</Project>