<?xml version="1.0" encoding="utf-8"?>
<Project ToolsVersion="4.0" xmlns="http://schemas.microsoft.com/developer/msbuild/2003">
  <ItemGroup>
    <Filter Include="Source Files">
      <UniqueIdentifier>{a241c12b-b5a4-4813-bc3d-30d54671db3b}</UniqueIdentifier>
      <Extensions>cpp;c;cxx;rc;def;r;odl;idl;hpj;bat</Extensions>
    </Filter>
    <Filter Include="Header Files">
      <UniqueIdentifier>{5178d488-a805-4655-84a8-f1464696acf3}</UniqueIdentifier>
      <Extensions>h;hpp;hxx;hm;inl</Extensions>
    </Filter>
    <Filter Include="Resource Files">
      <UniqueIdentifier>{67cbed12-e680-4f0c-a919-0a2f16c071ef}</UniqueIdentifier>
      <Extensions>ico;cur;bmp;dlg;rc2;rct;bin;rgs;gif;jpg;jpeg;jpe</Extensions>
    </Filter>
    <Filter Include="Source Files\Demodulator">
      <UniqueIdentifier>{54879a8e-6416-416c-bcf2-f6bed22a2ec6}</UniqueIdentifier>
    </Filter>
    <Filter Include="Source Files\Modulator">
      <UniqueIdentifier>{b8c8be4a-9077-43b7-87a5-5474154efc3c}</UniqueIdentifier>
    </Filter>
    <Filter Include="Header Files\Demodulator">
      <UniqueIdentifier>{a40b5007-fe0d-460e-8662-d6bc134aa59b}</UniqueIdentifier>
    </Filter>
  </ItemGroup>
  <ItemGroup>
    <ClCompile Include="myDebug.cpp">
      <Filter>Source Files</Filter>
    </ClCompile>
    <ClCompile Include="myWave.cpp">
      <Filter>Source Files</Filter>
    </ClCompile>
    <ClCompile Include="StdAfx.cpp">
      <Filter>Source Files</Filter>
    </ClCompile>
    <ClCompile Include="CDataFromTcpIp.cpp">
      <Filter>Source Files</Filter>
    </ClCompile>
    <ClCompile Include="CData.cpp">
      <Filter>Source Files</Filter>
    </ClCompile>
    <ClCompile Include="CAnalyze.cpp">
      <Filter>Source Files</Filter>
    </ClCompile>
    <ClCompile Include="CFilter.cpp">
      <Filter>Source Files</Filter>
    </ClCompile>
    <ClCompile Include="CWinSpectrum.cpp">
      <Filter>Source Files</Filter>
    </ClCompile>
    <ClCompile Include="public.cpp">
      <Filter>Source Files</Filter>
    </ClCompile>
    <ClCompile Include="CDataFromUSB.cpp">
      <Filter>Source Files</Filter>
    </ClCompile>
    <ClCompile Include="CWinMain.cpp">
      <Filter>Source Files</Filter>
    </ClCompile>
    <ClCompile Include="CDataFromUsart.cpp">
      <Filter>Source Files</Filter>
    </ClCompile>
    <ClCompile Include="CFilterWin.cpp">
      <Filter>Source Files</Filter>
    </ClCompile>
    <ClCompile Include="CWinOneSpectrum.cpp">
      <Filter>Source Files</Filter>
    </ClCompile>
    <ClCompile Include="CFile.cpp">
      <Filter>Source Files</Filter>
    </ClCompile>
    <ClCompile Include="CDevices.cpp">
      <Filter>Source Files</Filter>
    </ClCompile>
    <ClCompile Include="CSoundCard.cpp">
      <Filter>Source Files</Filter>
    </ClCompile>
    <ClCompile Include="CDataFromSoundCard.cpp">
      <Filter>Source Files</Filter>
    </ClCompile>
    <ClCompile Include="CDataFromSDR.cpp">
      <Filter>Source Files</Filter>
    </ClCompile>
    <ClCompile Include="CWinSDR.cpp">
      <Filter>Source Files</Filter>
    </ClCompile>
    <ClCompile Include="CSDR.cpp">
      <Filter>Source Files</Filter>
    </ClCompile>
    <ClCompile Include="CWinOneFFT.cpp">
      <Filter>Source Files</Filter>
    </ClCompile>
    <ClCompile Include="CMessage.cpp">
      <Filter>Source Files</Filter>
    </ClCompile>
    <ClCompile Include="CScreenButton.cpp">
      <Filter>Source Files</Filter>
    </ClCompile>
    <ClCompile Include="CWinSDRScan.cpp">
      <Filter>Source Files</Filter>
    </ClCompile>
    <ClCompile Include="CDemodulatorAM.cpp">
      <Filter>Source Files\Demodulator</Filter>
    </ClCompile>
    <ClCompile Include="CAudio.cpp">
      <Filter>Source Files</Filter>
    </ClCompile>
    <ClCompile Include="CAudioWin.cpp">
      <Filter>Source Files</Filter>
    </ClCompile>
    <ClCompile Include="CSignalWin.cpp">
      <Filter>Source Files</Filter>
    </ClCompile>
    <ClCompile Include="CFFTWin.cpp">
      <Filter>Source Files</Filter>
    </ClCompile>
    <ClCompile Include="CFFT.cpp">
      <Filter>Source Files</Filter>
    </ClCompile>
    <ClCompile Include="CFilttedWin.cpp">
      <Filter>Source Files</Filter>
    </ClCompile>
    <ClCompile Include="CFilterFFT.cpp">
      <Filter>Source Files</Filter>
    </ClCompile>
    <ClCompile Include="CToolsWin.cpp">
      <Filter>Source Files</Filter>
    </ClCompile>
  </ItemGroup>
  <ItemGroup>
    <ClInclude Include="myDebug.h">
      <Filter>Header Files</Filter>
    </ClInclude>
    <ClInclude Include="myWave.h">
      <Filter>Header Files</Filter>
    </ClInclude>
    <ClInclude Include="resource.h">
      <Filter>Header Files</Filter>
    </ClInclude>
    <ClInclude Include="StdAfx.h">
      <Filter>Header Files</Filter>
    </ClInclude>
    <ClInclude Include="CDataFromTcpIp.h">
      <Filter>Header Files</Filter>
    </ClInclude>
    <ClInclude Include="CData.h">
      <Filter>Header Files</Filter>
    </ClInclude>
    <ClInclude Include="public.h">
      <Filter>Header Files</Filter>
    </ClInclude>
    <ClInclude Include="CAnalyze.h">
      <Filter>Header Files</Filter>
    </ClInclude>
    <ClInclude Include="CFilter.h">
      <Filter>Header Files</Filter>
    </ClInclude>
    <ClInclude Include="CWinSpectrum.h">
      <Filter>Header Files</Filter>
    </ClInclude>
    <ClInclude Include="CDataFromUSB.h">
      <Filter>Header Files</Filter>
    </ClInclude>
    <ClInclude Include="CWinMain.h">
      <Filter>Header Files</Filter>
    </ClInclude>
    <ClInclude Include="CDataFromUsart.h">
      <Filter>Header Files</Filter>
    </ClInclude>
    <ClInclude Include="CWinOneSpectrum.h">
      <Filter>Header Files</Filter>
    </ClInclude>
    <ClInclude Include="CFilterWin.h">
      <Filter>Header Files</Filter>
    </ClInclude>
    <ClInclude Include="CFile.h">
      <Filter>Header Files</Filter>
    </ClInclude>
    <ClInclude Include="CDevices.h">
      <Filter>Header Files</Filter>
    </ClInclude>
    <ClInclude Include="CSoundCard.h">
      <Filter>Header Files</Filter>
    </ClInclude>
    <ClInclude Include="CDataFromSoundCard.h">
      <Filter>Header Files</Filter>
    </ClInclude>
    <ClInclude Include="CDataFromSDR.h">
      <Filter>Header Files</Filter>
    </ClInclude>
    <ClInclude Include="CWinSDR.h">
      <Filter>Header Files</Filter>
    </ClInclude>
    <ClInclude Include="CSDR.h">
      <Filter>Header Files</Filter>
    </ClInclude>
    <ClInclude Include="CWinOneFFT.h">
      <Filter>Header Files</Filter>
    </ClInclude>
    <ClInclude Include="CMessage.h">
      <Filter>Header Files</Filter>
    </ClInclude>
    <ClInclude Include="CScreenButton.h">
      <Filter>Header Files</Filter>
    </ClInclude>
    <ClInclude Include="cuda_CFilter.cuh">
      <Filter>Header Files</Filter>
    </ClInclude>
    <ClInclude Include="CWinSDRScan.h">
      <Filter>Header Files</Filter>
    </ClInclude>
    <ClInclude Include="CDemodulatorAM.h">
      <Filter>Header Files\Demodulator</Filter>
    </ClInclude>
    <ClInclude Include="cuda_CFilter2.cuh">
      <Filter>Header Files</Filter>
    </ClInclude>
    <ClInclude Include="CAudio.h">
      <Filter>Header Files</Filter>
    </ClInclude>
    <ClInclude Include="CAudioWin.h">
      <Filter>Header Files</Filter>
    </ClInclude>
    <ClInclude Include="CSignalWin.h">
      <Filter>Header Files</Filter>
    </ClInclude>
    <ClInclude Include="CFFTWin.h">
      <Filter>Header Files</Filter>
    </ClInclude>
    <ClInclude Include="CFFT.h">
      <Filter>Header Files</Filter>
    </ClInclude>
    <ClInclude Include="cuda_CFFT.cuh">
      <Filter>Header Files</Filter>
    </ClInclude>
    <ClInclude Include="CFilttedWin.h">
      <Filter>Header Files</Filter>
    </ClInclude>
    <ClInclude Include="CFilterFFT.h">
      <Filter>Header Files</Filter>
    </ClInclude>
    <ClInclude Include="CToolsWin.h">
      <Filter>Header Files</Filter>
    </ClInclude>
    <ClInclude Include="cuda_CFilter3.cuh">
      <Filter>Header Files</Filter>
    </ClInclude>
  </ItemGroup>
  <ItemGroup>
    <Image Include="myWave.ico">
      <Filter>Resource Files</Filter>
    </Image>
    <Image Include="small.ico">
      <Filter>Resource Files</Filter>
    </Image>
  </ItemGroup>
  <ItemGroup>
    <Text Include="ReadMe.txt" />
  </ItemGroup>
  <ItemGroup>
    <ResourceCompile Include="myWave.rc">
      <Filter>Resource Files</Filter>
    </ResourceCompile>
  </ItemGroup>
  <ItemGroup>
    <CudaCompile Include="cuda_CFilter.cu">
      <Filter>Source Files</Filter>
    </CudaCompile>
    <CudaCompile Include="cuda_CFilter2.cu">
      <Filter>Source Files</Filter>
    </CudaCompile>
    <CudaCompile Include="cuda_CFFT.cu">
      <Filter>Source Files</Filter>
    </CudaCompile>
    <CudaCompile Include="cuda_CFilter3.cu">
      <Filter>Source Files</Filter>
    </CudaCompile>
  </ItemGroup>
</Project>